
Microsoft Visual Studio Solution File, Format Version 12.00
# Visual Studio 15
VisualStudioVersion = 15.0.26228.4
MinimumVisualStudioVersion = 10.0.40219.1
Project("{9A19103F-16F7-4668-BE54-9A1E7A4F7556}") = "Enyim.Caching", "Enyim.Caching\Enyim.Caching.csproj", "{0EC50FBB-03B7-4B76-9D72-AADCB8BB3A8B}"
EndProject
Project("{9A19103F-16F7-4668-BE54-9A1E7A4F7556}") = "SampleWebApp", "SampleWebApp\SampleWebApp.csproj", "{7F795CB9-6058-4137-B069-12C1B8D4132B}"
EndProject
Global
	GlobalSection(SolutionConfigurationPlatforms) = preSolution
		Debug|Any CPU = Debug|Any CPU
		Release|Any CPU = Release|Any CPU
	EndGlobalSection
	GlobalSection(ProjectConfigurationPlatforms) = postSolution
		{0EC50FBB-03B7-4B76-9D72-AADCB8BB3A8B}.Debug|Any CPU.ActiveCfg = Debug|Any CPU
		{0EC50FBB-03B7-4B76-9D72-AADCB8BB3A8B}.Debug|Any CPU.Build.0 = Debug|Any CPU
		{0EC50FBB-03B7-4B76-9D72-AADCB8BB3A8B}.Release|Any CPU.ActiveCfg = Release|Any CPU
		{0EC50FBB-03B7-4B76-9D72-AADCB8BB3A8B}.Release|Any CPU.Build.0 = Release|Any CPU
		{7F795CB9-6058-4137-B069-12C1B8D4132B}.Debug|Any CPU.ActiveCfg = Debug|Any CPU
		{7F795CB9-6058-4137-B069-12C1B8D4132B}.Debug|Any CPU.Build.0 = Debug|Any CPU
		{7F795CB9-6058-4137-B069-12C1B8D4132B}.Release|Any CPU.ActiveCfg = Release|Any CPU
		{7F795CB9-6058-4137-B069-12C1B8D4132B}.Release|Any CPU.Build.0 = Release|Any CPU
	EndGlobalSection
	GlobalSection(SolutionProperties) = preSolution
		HideSolutionNode = FALSE
	EndGlobalSection
EndGlobal
