
Microsoft Visual Studio Solution File, Format Version 12.00
# Visual Studio 14
VisualStudioVersion = 14.0.24627.0
MinimumVisualStudioVersion = 10.0.40219.1
Project("{8BB2217D-0F2D-49D1-97BC-3654ED321F3B}") = "Enyim.Caching", "Enyim.Caching\Enyim.Caching.xproj", "{0EC50FBB-03B7-4B76-9D72-AADCB8BB3A8B}"
EndProject
Global
	GlobalSection(SolutionConfigurationPlatforms) = preSolution
		Debug|Any CPU = Debug|Any CPU
		Release|Any CPU = Release|Any CPU
	EndGlobalSection
	GlobalSection(ProjectConfigurationPlatforms) = postSolution
		{0EC50FBB-03B7-4B76-9D72-AADCB8BB3A8B}.Debug|Any CPU.ActiveCfg = Debug|Any CPU
		{0EC50FBB-03B7-4B76-9D72-AADCB8BB3A8B}.Debug|Any CPU.Build.0 = Debug|Any CPU
		{0EC50FBB-03B7-4B76-9D72-AADCB8BB3A8B}.Release|Any CPU.ActiveCfg = Release|Any CPU
		{0EC50FBB-03B7-4B76-9D72-AADCB8BB3A8B}.Release|Any CPU.Build.0 = Release|Any CPU
	EndGlobalSection
	GlobalSection(SolutionProperties) = preSolution
		HideSolutionNode = FALSE
	EndGlobalSection
EndGlobal
